{
  "lockfileVersion": 1,
  "configVersion": 1,
  "workspaces": {
    "": {
      "name": "mcworld-astar",
      "dependencies": {
        "chalk": "^5.6.2",
        "fflate": "^0.8.2",
        "mc-build": "^4.0.1",
      },
      "devDependencies": {
        "@types/bun": "latest",
        "@types/node": "^18.11.18",
        "@types/terminal-kit": "^2.5.1",
        "prettier": "^2.8.3",
        "terminal-kit": "^3.0.0",
        "ts-node": "^10.9.1",
        "typescript": "^4.9.4",
      },
      "peerDependencies": {
        "typescript": "^5",
      },
    },
  },
  "packages": {
    "@cronvel/get-pixels": ["@cronvel/get-pixels@3.4.1", "", { "dependencies": { "jpeg-js": "^0.4.4", "ndarray": "^1.0.19", "ndarray-pack": "^1.1.1", "node-bitmap": "0.0.1", "omggif": "^1.0.10", "pngjs": "^6.0.0" } }, "sha512-gB5C5nDIacLUdsMuW8YsM9SzK3vaFANe4J11CVXpovpy7bZUGrcJKmc6m/0gWG789pKr6XSZY2aEetjFvSRw5g=="],

    "@cspotcode/source-map-support": ["@cspotcode/source-map-support@0.8.1", "", { "dependencies": { "@jridgewell/trace-mapping": "0.3.9" } }, "sha512-IchNf6dN4tHoMFIn/7OE8LWZ19Y6q/67Bmf6vnGREv8RSbBVb9LPJxEcnwrcwX6ixSvaiGoomAUvu4YSxXrVgw=="],

    "@jridgewell/resolve-uri": ["@jridgewell/resolve-uri@3.1.2", "", {}, "sha512-bRISgCIjP20/tbWSPWMEi54QVPRZExkuD9lJL+UIxUKtwVJA8wW1Trb1jMs1RFXo1CBTNZ/5hpC9QvmKWdopKw=="],

    "@jridgewell/sourcemap-codec": ["@jridgewell/sourcemap-codec@1.5.5", "", {}, "sha512-cYQ9310grqxueWbl+WuIUIaiUaDcj7WOq5fVhEljNVgRfOUhY9fy2zTvfoqWsnebh8Sl70VScFbICvJnLKB0Og=="],

    "@jridgewell/trace-mapping": ["@jridgewell/trace-mapping@0.3.9", "", { "dependencies": { "@jridgewell/resolve-uri": "^3.0.3", "@jridgewell/sourcemap-codec": "^1.4.10" } }, "sha512-3Belt6tdc8bPgAtbcmdtNJlirVoTmEb5e2gC94PnkwEW9jI6CAHUeoG85tjWP5WquqfavoMtMwiG4P926ZKKuQ=="],

    "@tsconfig/node10": ["@tsconfig/node10@1.0.12", "", {}, "sha512-UCYBaeFvM11aU2y3YPZ//O5Rhj+xKyzy7mvcIoAjASbigy8mHMryP5cK7dgjlz2hWxh1g5pLw084E0a/wlUSFQ=="],

    "@tsconfig/node12": ["@tsconfig/node12@1.0.11", "", {}, "sha512-cqefuRsh12pWyGsIoBKJA9luFu3mRxCA+ORZvA4ktLSzIuCUtWVxGIuXigEwO5/ywWFMZ2QEGKWvkZG1zDMTag=="],

    "@tsconfig/node14": ["@tsconfig/node14@1.0.3", "", {}, "sha512-ysT8mhdixWK6Hw3i1V2AeRqZ5WfXg1G43mqoYlM2nc6388Fq5jcXyr5mRsqViLx/GJYdoL0bfXD8nmF+Zn/Iow=="],

    "@tsconfig/node16": ["@tsconfig/node16@1.0.4", "", {}, "sha512-vxhUy4J8lyeyinH7Azl1pdd43GJhZH/tP2weN8TntQblOY+A0XbT8DJk1/oCPuOOyg/Ja757rG0CgHcWC8OfMA=="],

    "@types/bun": ["@types/bun@1.3.10", "", { "dependencies": { "bun-types": "1.3.10" } }, "sha512-0+rlrUrOrTSskibryHbvQkDOWRJwJZqZlxrUs1u4oOoTln8+WIXBPmAuCF35SWB2z4Zl3E84Nl/D0P7803nigQ=="],

    "@types/nextgen-events": ["@types/nextgen-events@1.1.4", "", {}, "sha512-YczHp+887i3MpHUOCOztk7y10SklNZ3aQlToKnu0LON0ZdFpgwq8POtnATAoFz8V1IxyR6d8pp8ZyYkUIy26Cw=="],

    "@types/node": ["@types/node@18.19.130", "", { "dependencies": { "undici-types": "~5.26.4" } }, "sha512-GRaXQx6jGfL8sKfaIDD6OupbIHBr9jv7Jnaml9tB7l4v068PAOXqfcujMMo5PhbIs6ggR1XODELqahT2R8v0fg=="],

    "@types/terminal-kit": ["@types/terminal-kit@2.5.7", "", { "dependencies": { "@types/nextgen-events": "*" } }, "sha512-IpbCBFSb3OqCEZBZlk368tGftqss88eNQaJdD9msEShRbksEiVahEqroONi60ppUt9/arLM6IDrHMx9jpzzCOw=="],

    "acorn": ["acorn@8.16.0", "", { "bin": { "acorn": "bin/acorn" } }, "sha512-UVJyE9MttOsBQIDKw1skb9nAwQuR5wuGD3+82K6JgJlm/Y+KI92oNsMNGZCYdDsVtRHSak0pcV5Dno5+4jh9sw=="],

    "acorn-walk": ["acorn-walk@8.3.5", "", { "dependencies": { "acorn": "^8.11.0" } }, "sha512-HEHNfbars9v4pgpW6SO1KSPkfoS0xVOM/9UzkJltjlsHZmJasxg8aXkuZa7SMf8vKGIBhpUsPluQSqhJFCqebw=="],

    "arg": ["arg@4.1.3", "", {}, "sha512-58S9QDqG0Xx27YwPSt9fJxivjYl432YCwfDMfZ+71RAqUrZef7LrKQZ3LHLOwCS4FLNBplP533Zx895SeOCHvA=="],

    "bun-types": ["bun-types@1.3.10", "", { "dependencies": { "@types/node": "*" } }, "sha512-tcpfCCl6XWo6nCVnpcVrxQ+9AYN1iqMIzgrSKYMB/fjLtV2eyAVEg7AxQJuCq/26R6HpKWykQXuSOq/21RYcbg=="],

    "chalk": ["chalk@5.6.2", "", {}, "sha512-7NzBL0rN6fMUW+f7A6Io4h40qQlG+xGmtMxfbnH/K7TAtt8JQWVQK+6g0UXKMeVJoyV5EkkNsErQ8pVD3bLHbA=="],

    "chroma-js": ["chroma-js@2.6.0", "", {}, "sha512-BLHvCB9s8Z1EV4ethr6xnkl/P2YRFOGqfgvuMG/MyCbZPrTA+NeiByY6XvgF0zP4/2deU2CXnWyMa3zu1LqQ3A=="],

    "create-require": ["create-require@1.1.1", "", {}, "sha512-dcKFX3jn0MpIaXjisoRvexIJVEKzaq7z2rZKxf+MSr9TkdmHmsU4m2lcLojrj/FHl8mk5VxMmYA+ftRkP/3oKQ=="],

    "cwise-compiler": ["cwise-compiler@1.1.3", "", { "dependencies": { "uniq": "^1.0.0" } }, "sha512-WXlK/m+Di8DMMcCjcWr4i+XzcQra9eCdXIJrgh4TUgh0pIS/yJduLxS9JgefsHJ/YVLdgPtXm9r62W92MvanEQ=="],

    "diff": ["diff@4.0.4", "", {}, "sha512-X07nttJQkwkfKfvTPG/KSnE2OMdcUCao6+eXF3wmnIQRn2aPAHH3VxDbDOdegkd6JbPsXqShpvEOHfAT+nCNwQ=="],

    "fflate": ["fflate@0.8.2", "", {}, "sha512-cPJU47OaAoCbg0pBvzsgpTPhmhqI5eJjh/JIu8tPj5q+T7iLvW/JAYUqmE7KOB4R1ZyEhzBaIQpQpardBF5z8A=="],

    "iota-array": ["iota-array@1.0.0", "", {}, "sha512-pZ2xT+LOHckCatGQ3DcG/a+QuEqvoxqkiL7tvE8nn3uuu+f6i1TtpB5/FtWFbxUuVr5PZCx8KskuGatbJDXOWA=="],

    "is-buffer": ["is-buffer@1.1.6", "", {}, "sha512-NcdALwpXkTm5Zvvbk7owOUSvVvBKDgKP5/ewfXEznmQFfs4ZRmanOeKBTjRVjka3QFoN6XJ+9F3USqfHqTaU5w=="],

    "jpeg-js": ["jpeg-js@0.4.4", "", {}, "sha512-WZzeDOEtTOBK4Mdsar0IqEU5sMr3vSV2RqkAIzUEV2BHnUfKGyswWFPFwK5EeDo93K3FohSHbLAjj0s1Wzd+dg=="],

    "lazyness": ["lazyness@1.2.0", "", {}, "sha512-KenL6EFbwxBwRxG93t0gcUyi0Nw0Ub31FJKN1laA4UscdkL1K1AxUd0gYZdcLU3v+x+wcFi4uQKS5hL+fk500g=="],

    "make-error": ["make-error@1.3.6", "", {}, "sha512-s8UhlNe7vPKomQhC1qFelMokr/Sc3AgNbso3n74mVPA5LTZwkB9NlXf4XPamLxJE8h0gh73rM94xvwRT2CVInw=="],

    "mc-build": ["mc-build@4.0.1", "", { "bin": { "mcb3": "dist/mcb.js", "mc-build": "dist/mcb.js", "mcb": "dist/mcb.js" } }, "sha512-zloNF3GE80xPESsHsEkJ6Ax4zqYiezFUUUWfPy2kqbGzMXP+j/0Oi/BdW7NK3Np3+UJunNYuHE+aJFMPUXrIMw=="],

    "ndarray": ["ndarray@1.0.19", "", { "dependencies": { "iota-array": "^1.0.0", "is-buffer": "^1.0.2" } }, "sha512-B4JHA4vdyZU30ELBw3g7/p9bZupyew5a7tX1Y/gGeF2hafrPaQZhgrGQfsvgfYbgdFZjYwuEcnaobeM/WMW+HQ=="],

    "ndarray-pack": ["ndarray-pack@1.2.1", "", { "dependencies": { "cwise-compiler": "^1.1.2", "ndarray": "^1.0.13" } }, "sha512-51cECUJMT0rUZNQa09EoKsnFeDL4x2dHRT0VR5U2H5ZgEcm95ZDWcMA5JShroXjHOejmAD/fg8+H+OvUnVXz2g=="],

    "nextgen-events": ["nextgen-events@1.5.3", "", {}, "sha512-P6qw6kenNXP+J9XlKJNi/MNHUQ+Lx5K8FEcSfX7/w8KJdZan5+BB5MKzuNgL2RTjHG1Svg8SehfseVEp8zAqwA=="],

    "node-bitmap": ["node-bitmap@0.0.1", "", {}, "sha512-Jx5lPaaLdIaOsj2mVLWMWulXF6GQVdyLvNSxmiYCvZ8Ma2hfKX0POoR2kgKOqz+oFsRreq0yYZjQ2wjE9VNzCA=="],

    "omggif": ["omggif@1.0.10", "", {}, "sha512-LMJTtvgc/nugXj0Vcrrs68Mn2D1r0zf630VNtqtpI1FEO7e+O9FP4gqs9AcnBaSEeoHIPm28u6qgPR0oyEpGSw=="],

    "pngjs": ["pngjs@6.0.0", "", {}, "sha512-TRzzuFRRmEoSW/p1KVAmiOgPco2Irlah+bGFCeNfJXxxYGwSw7YwAOAcd7X28K/m5bjBWKsC29KyoMfHbypayg=="],

    "prettier": ["prettier@2.8.8", "", { "bin": { "prettier": "bin-prettier.js" } }, "sha512-tdN8qQGvNjw4CHbY+XXk0JgCXn9QiF21a55rBe5LJAU+kDyC4WQn4+awm2Xfk2lQMk5fKup9XgzTZtGkjBdP9Q=="],

    "setimmediate": ["setimmediate@1.0.5", "", {}, "sha512-MATJdZp8sLqDl/68LfQmbP8zKPLQNV6BIZoIgrscFDQ+RsvK/BxeDQOgyxKKoh0y/8h3BqVFnCqQ/gd+reiIXA=="],

    "seventh": ["seventh@0.9.4", "", { "dependencies": { "setimmediate": "^1.0.5" } }, "sha512-O85mosi4sOfxG+slvqy0j7zLuFD4ylUgEMt7Pvt9Q/wnwNwG/6MNnHKzV9JkAoPoPM26t/DLFn17p7o7u5kIBA=="],

    "string-kit": ["string-kit@0.19.3", "", {}, "sha512-94p913R6+Ea6656A39bqJeHgt64HM9RSq36oc0F8N8Mz76g5+cLaqEwkouqguEDrJ4rhVQpS+tKz214FdtMoqA=="],

    "terminal-kit": ["terminal-kit@3.1.2", "", { "dependencies": { "@cronvel/get-pixels": "^3.4.1", "chroma-js": "^2.4.2", "lazyness": "^1.2.0", "ndarray": "^1.0.19", "nextgen-events": "^1.5.3", "seventh": "^0.9.2", "string-kit": "^0.19.0", "tree-kit": "^0.8.7" } }, "sha512-ro2FyU4A+NwA74DLTYTnoCFYuFpgV1aM07IS6MPrJeajoI2hwF44EdUqjoTmKEl6srYDWtbVkc/b1C16iUnxFQ=="],

    "tree-kit": ["tree-kit@0.8.8", "", {}, "sha512-L7zwpXp0/Nha6mljVcVOnhhxuCkFRWmt26wza3TKnyMBewid4F2vyiVdcSsw41ZoG1Wj+3lM48Er9lhttbxfLA=="],

    "ts-node": ["ts-node@10.9.2", "", { "dependencies": { "@cspotcode/source-map-support": "^0.8.0", "@tsconfig/node10": "^1.0.7", "@tsconfig/node12": "^1.0.7", "@tsconfig/node14": "^1.0.0", "@tsconfig/node16": "^1.0.2", "acorn": "^8.4.1", "acorn-walk": "^8.1.1", "arg": "^4.1.0", "create-require": "^1.1.0", "diff": "^4.0.1", "make-error": "^1.1.1", "v8-compile-cache-lib": "^3.0.1", "yn": "3.1.1" }, "peerDependencies": { "@swc/core": ">=1.2.50", "@swc/wasm": ">=1.2.50", "@types/node": "*", "typescript": ">=2.7" }, "optionalPeers": ["@swc/core", "@swc/wasm"], "bin": { "ts-node": "dist/bin.js", "ts-script": "dist/bin-script-deprecated.js", "ts-node-cwd": "dist/bin-cwd.js", "ts-node-esm": "dist/bin-esm.js", "ts-node-script": "dist/bin-script.js", "ts-node-transpile-only": "dist/bin-transpile.js" } }, "sha512-f0FFpIdcHgn8zcPSbf1dRevwt047YMnaiJM3u2w2RewrB+fob/zePZcrOyQoLMMO7aBIddLcQIEK5dYjkLnGrQ=="],

    "typescript": ["typescript@4.9.5", "", { "bin": { "tsc": "bin/tsc", "tsserver": "bin/tsserver" } }, "sha512-1FXk9E2Hm+QzZQ7z+McJiHL4NW1F2EzMu9Nq9i3zAaGqibafqYwCVU6WyWAuyQRRzOlxou8xZSyXLEN8oKj24g=="],

    "undici-types": ["undici-types@5.26.5", "", {}, "sha512-JlCMO+ehdEIKqlFxk6IfVoAUVmgz7cU7zD/h9XZ0qzeosSHmUJVOzSQvvYSYWXkFXC+IfLKSIffhv0sVZup6pA=="],

    "uniq": ["uniq@1.0.1", "", {}, "sha512-Gw+zz50YNKPDKXs+9d+aKAjVwpjNwqzvNpLigIruT4HA9lMZNdMqs9x07kKHB/L9WRzqp4+DlTU5s4wG2esdoA=="],

    "v8-compile-cache-lib": ["v8-compile-cache-lib@3.0.1", "", {}, "sha512-wa7YjyUGfNZngI/vtK0UHAN+lgDCxBPCylVXGp0zu59Fz5aiGtNXaq3DhIov063MorB+VfufLh3JlF2KdTK3xg=="],

    "yn": ["yn@3.1.1", "", {}, "sha512-Ux4ygGWsu2c7isFWe8Yu1YluJmqVhxqK2cLXNQA5AcC3QfbGNpM7fu0Y8b/z16pXLnFxZYvWhd3fhBY9DLmC6Q=="],
  }
}
